// !$*UTF8*$!
{
	archiveVersion = 1;
	classes = {
	};
	objectVersion = 46;
	objects = {

/* Begin PBXBuildFile section */
		4E8C524D1BA11C7400118205 /* main.m in Sources */ = {isa = PBXBuildFile; fileRef = 4E8C524C1BA11C7400118205 /* main.m */; };
		4E8C52501BA11C7400118205 /* AppDelegate.m in Sources */ = {isa = PBXBuildFile; fileRef = 4E8C524F1BA11C7400118205 /* AppDelegate.m */; };
		4E8C52581BA11C7400118205 /* Images.xcassets in Resources */ = {isa = PBXBuildFile; fileRef = 4E8C52571BA11C7400118205 /* Images.xcassets */; };
		4E8C525B1BA11C7400118205 /* LaunchScreen.xib in Resources */ = {isa = PBXBuildFile; fileRef = 4E8C52591BA11C7400118205 /* LaunchScreen.xib */; };
		4E8C52671BA11C7400118205 /* MyAnimationTests.m in Sources */ = {isa = PBXBuildFile; fileRef = 4E8C52661BA11C7400118205 /* MyAnimationTests.m */; };
		4E8C52721BA11D1C00118205 /* HomeViewController.m in Sources */ = {isa = PBXBuildFile; fileRef = 4E8C52711BA11D1C00118205 /* HomeViewController.m */; };
		4E8C52741BA11EA300118205 /* share_wx@2x.png in Resources */ = {isa = PBXBuildFile; fileRef = 4E8C52731BA11EA300118205 /* share_wx@2x.png */; };
		4E8C52771BA12F9E00118205 /* KeyAnimationViewController.m in Sources */ = {isa = PBXBuildFile; fileRef = 4E8C52761BA12F9E00118205 /* KeyAnimationViewController.m */; };
		4E8C52791BA153E800118205 /* share_tx@2x.png in Resources */ = {isa = PBXBuildFile; fileRef = 4E8C52781BA153E800118205 /* share_tx@2x.png */; };
		4E8C527B1BA1541400118205 /* share_zone@2x.png in Resources */ = {isa = PBXBuildFile; fileRef = 4E8C527A1BA1541400118205 /* share_zone@2x.png */; };
		4E8C527E1BA1570B00118205 /* BasicAnimationViewController.m in Sources */ = {isa = PBXBuildFile; fileRef = 4E8C527D1BA1570B00118205 /* BasicAnimationViewController.m */; };
		4E8C52811BA159BF00118205 /* TransitionViewController.m in Sources */ = {isa = PBXBuildFile; fileRef = 4E8C52801BA159BF00118205 /* TransitionViewController.m */; };
		4E8C52891BA15B6800118205 /* 0.jpg in Resources */ = {isa = PBXBuildFile; fileRef = 4E8C52841BA15B6800118205 /* 0.jpg */; };
		4E8C528A1BA15B6800118205 /* 1.jpg in Resources */ = {isa = PBXBuildFile; fileRef = 4E8C52851BA15B6800118205 /* 1.jpg */; };
		4E8C528B1BA15B6800118205 /* 2.jpg in Resources */ = {isa = PBXBuildFile; fileRef = 4E8C52861BA15B6800118205 /* 2.jpg */; };
		4E8C528D1BA15B9200118205 /* 3.jpg in Resources */ = {isa = PBXBuildFile; fileRef = 4E8C528C1BA15B9200118205 /* 3.jpg */; };
		4E8C528F1BA15BB200118205 /* 4.jpg in Resources */ = {isa = PBXBuildFile; fileRef = 4E8C528E1BA15BB200118205 /* 4.jpg */; };
		4E90FF531BA2AE6C0082BA78 /* KCView.m in Sources */ = {isa = PBXBuildFile; fileRef = 4E90FF521BA2AE6C0082BA78 /* KCView.m */; };
		4E90FF561BA2B0040082BA78 /* Quartz2DViewController.m in Sources */ = {isa = PBXBuildFile; fileRef = 4E90FF551BA2B0040082BA78 /* Quartz2DViewController.m */; };
		4EF43CCB1BF43F46006D87DA /* ExternFunction.m in Sources */ = {isa = PBXBuildFile; fileRef = 4EF43CC91BF43F46006D87DA /* ExternFunction.m */; };
		4EF43CCD1BF4708A006D87DA /* Image.bundle in Resources */ = {isa = PBXBuildFile; fileRef = 4EF43CCC1BF4708A006D87DA /* Image.bundle */; };
/* End PBXBuildFile section */

/* Begin PBXContainerItemProxy section */
		4E8C52611BA11C7400118205 /* PBXContainerItemProxy */ = {
			isa = PBXContainerItemProxy;
			containerPortal = 4E8C523F1BA11C7400118205 /* Project object */;
			proxyType = 1;
			remoteGlobalIDString = 4E8C52461BA11C7400118205;
			remoteInfo = MyAnimation;
		};
/* End PBXContainerItemProxy section */

/* Begin PBXFileReference section */
		4E8C52471BA11C7400118205 /* MyAnimation.app */ = {isa = PBXFileReference; explicitFileType = wrapper.application; includeInIndex = 0; path = MyAnimation.app; sourceTree = BUILT_PRODUCTS_DIR; };
		4E8C524B1BA11C7400118205 /* Info.plist */ = {isa = PBXFileReference; lastKnownFileType = text.plist.xml; path = Info.plist; sourceTree = "<group>"; };
		4E8C524C1BA11C7400118205 /* main.m */ = {isa = PBXFileReference; lastKnownFileType = sourcecode.c.objc; path = main.m; sourceTree = "<group>"; };
		4E8C524E1BA11C7400118205 /* AppDelegate.h */ = {isa = PBXFileReference; lastKnownFileType = sourcecode.c.h; path = AppDelegate.h; sourceTree = "<group>"; };
		4E8C524F1BA11C7400118205 /* AppDelegate.m */ = {isa = PBXFileReference; lastKnownFileType = sourcecode.c.objc; path = AppDelegate.m; sourceTree = "<group>"; };
		4E8C52571BA11C7400118205 /* Images.xcassets */ = {isa = PBXFileReference; lastKnownFileType = folder.assetcatalog; path = Images.xcassets; sourceTree = "<group>"; };
		4E8C525A1BA11C7400118205 /* Base */ = {isa = PBXFileReference; lastKnownFileType = file.xib; name = Base; path = Base.lproj/LaunchScreen.xib; sourceTree = "<group>"; };
		4E8C52601BA11C7400118205 /* MyAnimationTests.xctest */ = {isa = PBXFileReference; explicitFileType = wrapper.cfbundle; includeInIndex = 0; path = MyAnimationTests.xctest; sourceTree = BUILT_PRODUCTS_DIR; };
		4E8C52651BA11C7400118205 /* Info.plist */ = {isa = PBXFileReference; lastKnownFileType = text.plist.xml; path = Info.plist; sourceTree = "<group>"; };
		4E8C52661BA11C7400118205 /* MyAnimationTests.m */ = {isa = PBXFileReference; lastKnownFileType = sourcecode.c.objc; path = MyAnimationTests.m; sourceTree = "<group>"; };
		4E8C52701BA11D1C00118205 /* HomeViewController.h */ = {isa = PBXFileReference; fileEncoding = 4; lastKnownFileType = sourcecode.c.h; path = HomeViewController.h; sourceTree = "<group>"; };
		4E8C52711BA11D1C00118205 /* HomeViewController.m */ = {isa = PBXFileReference; fileEncoding = 4; lastKnownFileType = sourcecode.c.objc; path = HomeViewController.m; sourceTree = "<group>"; };
		4E8C52731BA11EA300118205 /* share_wx@2x.png */ = {isa = PBXFileReference; lastKnownFileType = image.png; path = "share_wx@2x.png"; sourceTree = "<group>"; };
		4E8C52751BA12F9E00118205 /* KeyAnimationViewController.h */ = {isa = PBXFileReference; fileEncoding = 4; lastKnownFileType = sourcecode.c.h; path = KeyAnimationViewController.h; sourceTree = "<group>"; };
		4E8C52761BA12F9E00118205 /* KeyAnimationViewController.m */ = {isa = PBXFileReference; fileEncoding = 4; lastKnownFileType = sourcecode.c.objc; path = KeyAnimationViewController.m; sourceTree = "<group>"; };
		4E8C52781BA153E800118205 /* share_tx@2x.png */ = {isa = PBXFileReference; lastKnownFileType = image.png; path = "share_tx@2x.png"; sourceTree = "<group>"; };
		4E8C527A1BA1541400118205 /* share_zone@2x.png */ = {isa = PBXFileReference; lastKnownFileType = image.png; path = "share_zone@2x.png"; sourceTree = "<group>"; };
		4E8C527C1BA1570B00118205 /* BasicAnimationViewController.h */ = {isa = PBXFileReference; fileEncoding = 4; lastKnownFileType = sourcecode.c.h; path = BasicAnimationViewController.h; sourceTree = "<group>"; };
		4E8C527D1BA1570B00118205 /* BasicAnimationViewController.m */ = {isa = PBXFileReference; fileEncoding = 4; lastKnownFileType = sourcecode.c.objc; path = BasicAnimationViewController.m; sourceTree = "<group>"; };
		4E8C527F1BA159BF00118205 /* TransitionViewController.h */ = {isa = PBXFileReference; fileEncoding = 4; lastKnownFileType = sourcecode.c.h; path = TransitionViewController.h; sourceTree = "<group>"; };
		4E8C52801BA159BF00118205 /* TransitionViewController.m */ = {isa = PBXFileReference; fileEncoding = 4; lastKnownFileType = sourcecode.c.objc; path = TransitionViewController.m; sourceTree = "<group>"; };
		4E8C52841BA15B6800118205 /* 0.jpg */ = {isa = PBXFileReference; lastKnownFileType = image.jpeg; path = 0.jpg; sourceTree = "<group>"; };
		4E8C52851BA15B6800118205 /* 1.jpg */ = {isa = PBXFileReference; lastKnownFileType = image.jpeg; path = 1.jpg; sourceTree = "<group>"; };
		4E8C52861BA15B6800118205 /* 2.jpg */ = {isa = PBXFileReference; lastKnownFileType = image.jpeg; path = 2.jpg; sourceTree = "<group>"; };
		4E8C528C1BA15B9200118205 /* 3.jpg */ = {isa = PBXFileReference; lastKnownFileType = image.jpeg; path = 3.jpg; sourceTree = "<group>"; };
		4E8C528E1BA15BB200118205 /* 4.jpg */ = {isa = PBXFileReference; lastKnownFileType = image.jpeg; path = 4.jpg; sourceTree = "<group>"; };
		4E90FF511BA2AE6C0082BA78 /* KCView.h */ = {isa = PBXFileReference; fileEncoding = 4; lastKnownFileType = sourcecode.c.h; path = KCView.h; sourceTree = "<group>"; };
		4E90FF521BA2AE6C0082BA78 /* KCView.m */ = {isa = PBXFileReference; fileEncoding = 4; lastKnownFileType = sourcecode.c.objc; path = KCView.m; sourceTree = "<group>"; };
		4E90FF541BA2B0040082BA78 /* Quartz2DViewController.h */ = {isa = PBXFileReference; fileEncoding = 4; lastKnownFileType = sourcecode.c.h; path = Quartz2DViewController.h; sourceTree = "<group>"; };
		4E90FF551BA2B0040082BA78 /* Quartz2DViewController.m */ = {isa = PBXFileReference; fileEncoding = 4; lastKnownFileType = sourcecode.c.objc; path = Quartz2DViewController.m; sourceTree = "<group>"; };
		4EF43CC91BF43F46006D87DA /* ExternFunction.m */ = {isa = PBXFileReference; fileEncoding = 4; lastKnownFileType = sourcecode.c.objc; path = ExternFunction.m; sourceTree = "<group>"; };
		4EF43CCA1BF43F46006D87DA /* ExternFunction.h */ = {isa = PBXFileReference; fileEncoding = 4; lastKnownFileType = sourcecode.c.h; path = ExternFunction.h; sourceTree = "<group>"; };
		4EF43CCC1BF4708A006D87DA /* Image.bundle */ = {isa = PBXFileReference; lastKnownFileType = "wrapper.plug-in"; path = Image.bundle; sourceTree = "<group>"; };
/* End PBXFileReference section */

/* Begin PBXFrameworksBuildPhase section */
		4E8C52441BA11C7400118205 /* Frameworks */ = {
			isa = PBXFrameworksBuildPhase;
			buildActionMask = 2147483647;
			files = (
			);
			runOnlyForDeploymentPostprocessing = 0;
		};
		4E8C525D1BA11C7400118205 /* Frameworks */ = {
			isa = PBXFrameworksBuildPhase;
			buildActionMask = 2147483647;
			files = (
			);
			runOnlyForDeploymentPostprocessing = 0;
		};
/* End PBXFrameworksBuildPhase section */

/* Begin PBXGroup section */
		4E8C523E1BA11C7400118205 = {
			isa = PBXGroup;
			children = (
				4EF43CCC1BF4708A006D87DA /* Image.bundle */,
				4E8C52491BA11C7400118205 /* MyAnimation */,
				4E8C52631BA11C7400118205 /* MyAnimationTests */,
				4E8C52481BA11C7400118205 /* Products */,
			);
			sourceTree = "<group>";
		};
		4E8C52481BA11C7400118205 /* Products */ = {
			isa = PBXGroup;
			children = (
				4E8C52471BA11C7400118205 /* MyAnimation.app */,
				4E8C52601BA11C7400118205 /* MyAnimationTests.xctest */,
			);
			name = Products;
			sourceTree = "<group>";
		};
		4E8C52491BA11C7400118205 /* MyAnimation */ = {
			isa = PBXGroup;
			children = (
				4E8C524E1BA11C7400118205 /* AppDelegate.h */,
				4E8C524F1BA11C7400118205 /* AppDelegate.m */,
				4E8C52701BA11D1C00118205 /* HomeViewController.h */,
				4E8C52711BA11D1C00118205 /* HomeViewController.m */,
				4E8C52571BA11C7400118205 /* Images.xcassets */,
				4E8C52591BA11C7400118205 /* LaunchScreen.xib */,
				4E8C52731BA11EA300118205 /* share_wx@2x.png */,
				4E8C52781BA153E800118205 /* share_tx@2x.png */,
				4E8C527A1BA1541400118205 /* share_zone@2x.png */,
				4E8C52841BA15B6800118205 /* 0.jpg */,
				4E8C52851BA15B6800118205 /* 1.jpg */,
				4E8C52861BA15B6800118205 /* 2.jpg */,
				4E8C528C1BA15B9200118205 /* 3.jpg */,
				4E8C528E1BA15BB200118205 /* 4.jpg */,
				4E8C524A1BA11C7400118205 /* Supporting Files */,
				4E8C52751BA12F9E00118205 /* KeyAnimationViewController.h */,
				4E8C52761BA12F9E00118205 /* KeyAnimationViewController.m */,
				4E8C527C1BA1570B00118205 /* BasicAnimationViewController.h */,
				4E8C527D1BA1570B00118205 /* BasicAnimationViewController.m */,
				4E8C527F1BA159BF00118205 /* TransitionViewController.h */,
				4E8C52801BA159BF00118205 /* TransitionViewController.m */,
				4E90FF511BA2AE6C0082BA78 /* KCView.h */,
				4E90FF521BA2AE6C0082BA78 /* KCView.m */,
				4E90FF541BA2B0040082BA78 /* Quartz2DViewController.h */,
				4E90FF551BA2B0040082BA78 /* Quartz2DViewController.m */,
				4EF43CCA1BF43F46006D87DA /* ExternFunction.h */,
				4EF43CC91BF43F46006D87DA /* ExternFunction.m */,
			);
			path = MyAnimation;
			sourceTree = "<group>";
		};
		4E8C524A1BA11C7400118205 /* Supporting Files */ = {
			isa = PBXGroup;
			children = (
				4E8C524B1BA11C7400118205 /* Info.plist */,
				4E8C524C1BA11C7400118205 /* main.m */,
			);
			name = "Supporting Files";
			sourceTree = "<group>";
		};
		4E8C52631BA11C7400118205 /* MyAnimationTests */ = {
			isa = PBXGroup;
			children = (
				4E8C52661BA11C7400118205 /* MyAnimationTests.m */,
				4E8C52641BA11C7400118205 /* Supporting Files */,
			);
			path = MyAnimationTests;
			sourceTree = "<group>";
		};
		4E8C52641BA11C7400118205 /* Supporting Files */ = {
			isa = PBXGroup;
			children = (
				4E8C52651BA11C7400118205 /* Info.plist */,
			);
			name = "Supporting Files";
			sourceTree = "<group>";
		};
/* End PBXGroup section */

/* Begin PBXNativeTarget section */
		4E8C52461BA11C7400118205 /* MyAnimation */ = {
			isa = PBXNativeTarget;
			buildConfigurationList = 4E8C526A1BA11C7400118205 /* Build configuration list for PBXNativeTarget "MyAnimation" */;
			buildPhases = (
				4E8C52431BA11C7400118205 /* Sources */,
				4E8C52441BA11C7400118205 /* Frameworks */,
				4E8C52451BA11C7400118205 /* Resources */,
			);
			buildRules = (
			);
			dependencies = (
			);
			name = MyAnimation;
			productName = MyAnimation;
			productReference = 4E8C52471BA11C7400118205 /* MyAnimation.app */;
			productType = "com.apple.product-type.application";
		};
		4E8C525F1BA11C7400118205 /* MyAnimationTests */ = {
			isa = PBXNativeTarget;
			buildConfigurationList = 4E8C526D1BA11C7400118205 /* Build configuration list for PBXNativeTarget "MyAnimationTests" */;
			buildPhases = (
				4E8C525C1BA11C7400118205 /* Sources */,
				4E8C525D1BA11C7400118205 /* Frameworks */,
				4E8C525E1BA11C7400118205 /* Resources */,
			);
			buildRules = (
			);
			dependencies = (
				4E8C52621BA11C7400118205 /* PBXTargetDependency */,
			);
			name = MyAnimationTests;
			productName = MyAnimationTests;
			productReference = 4E8C52601BA11C7400118205 /* MyAnimationTests.xctest */;
			productType = "com.apple.product-type.bundle.unit-test";
		};
/* End PBXNativeTarget section */

/* Begin PBXProject section */
		4E8C523F1BA11C7400118205 /* Project object */ = {
			isa = PBXProject;
			attributes = {
				LastUpgradeCheck = 0640;
				ORGANIZATIONNAME = tcl;
				TargetAttributes = {
					4E8C52461BA11C7400118205 = {
						CreatedOnToolsVersion = 6.4;
					};
					4E8C525F1BA11C7400118205 = {
						CreatedOnToolsVersion = 6.4;
						TestTargetID = 4E8C52461BA11C7400118205;
					};
				};
			};
			buildConfigurationList = 4E8C52421BA11C7400118205 /* Build configuration list for PBXProject "MyAnimation" */;
			compatibilityVersion = "Xcode 3.2";
			developmentRegion = English;
			hasScannedForEncodings = 0;
			knownRegions = (
				en,
				Base,
			);
			mainGroup = 4E8C523E1BA11C7400118205;
			productRefGroup = 4E8C52481BA11C7400118205 /* Products */;
			projectDirPath = "";
			projectRoot = "";
			targets = (
				4E8C52461BA11C7400118205 /* MyAnimation */,
				4E8C525F1BA11C7400118205 /* MyAnimationTests */,
			);
		};
/* End PBXProject section */

/* Begin PBXResourcesBuildPhase section */
		4E8C52451BA11C7400118205 /* Resources */ = {
			isa = PBXResourcesBuildPhase;
			buildActionMask = 2147483647;
			files = (
				4E8C525B1BA11C7400118205 /* LaunchScreen.xib in Resources */,
				4E8C527B1BA1541400118205 /* share_zone@2x.png in Resources */,
				4E8C52891BA15B6800118205 /* 0.jpg in Resources */,
				4E8C52581BA11C7400118205 /* Images.xcassets in Resources */,
				4E8C528B1BA15B6800118205 /* 2.jpg in Resources */,
				4E8C52741BA11EA300118205 /* share_wx@2x.png in Resources */,
				4EF43CCD1BF4708A006D87DA /* Image.bundle in Resources */,
				4E8C528D1BA15B9200118205 /* 3.jpg in Resources */,
				4E8C528A1BA15B6800118205 /* 1.jpg in Resources */,
				4E8C528F1BA15BB200118205 /* 4.jpg in Resources */,
				4E8C52791BA153E800118205 /* share_tx@2x.png in Resources */,
			);
			runOnlyForDeploymentPostprocessing = 0;
		};
		4E8C525E1BA11C7400118205 /* Resources */ = {
			isa = PBXResourcesBuildPhase;
			buildActionMask = 2147483647;
			files = (
			);
			runOnlyForDeploymentPostprocessing = 0;
		};
/* End PBXResourcesBuildPhase section */

/* Begin PBXSourcesBuildPhase section */
		4E8C52431BA11C7400118205 /* Sources */ = {
			isa = PBXSourcesBuildPhase;
			buildActionMask = 2147483647;
			files = (
				4E8C52501BA11C7400118205 /* AppDelegate.m in Sources */,
				4E8C52811BA159BF00118205 /* TransitionViewController.m in Sources */,
				4EF43CCB1BF43F46006D87DA /* ExternFunction.m in Sources */,
				4E8C524D1BA11C7400118205 /* main.m in Sources */,
				4E8C527E1BA1570B00118205 /* BasicAnimationViewController.m in Sources */,
				4E90FF531BA2AE6C0082BA78 /* KCView.m in Sources */,
				4E8C52721BA11D1C00118205 /* HomeViewController.m in Sources */,
				4E8C52771BA12F9E00118205 /* KeyAnimationViewController.m in Sources */,
				4E90FF561BA2B0040082BA78 /* Quartz2DViewController.m in Sources */,
			);
			runOnlyForDeploymentPostprocessing = 0;
		};
		4E8C525C1BA11C7400118205 /* Sources */ = {
			isa = PBXSourcesBuildPhase;
			buildActionMask = 2147483647;
			files = (
				4E8C52671BA11C7400118205 /* MyAnimationTests.m in Sources */,
			);
			runOnlyForDeploymentPostprocessing = 0;
		};
/* End PBXSourcesBuildPhase section */

/* Begin PBXTargetDependency section */
		4E8C52621BA11C7400118205 /* PBXTargetDependency */ = {
			isa = PBXTargetDependency;
			target = 4E8C52461BA11C7400118205 /* MyAnimation */;
			targetProxy = 4E8C52611BA11C7400118205 /* PBXContainerItemProxy */;
		};
/* End PBXTargetDependency section */

/* Begin PBXVariantGroup section */
		4E8C52591BA11C7400118205 /* LaunchScreen.xib */ = {
			isa = PBXVariantGroup;
			children = (
				4E8C525A1BA11C7400118205 /* Base */,
			);
			name = LaunchScreen.xib;
			sourceTree = "<group>";
		};
/* End PBXVariantGroup section */

/* Begin XCBuildConfiguration section */
		4E8C52681BA11C7400118205 /* Debug */ = {
			isa = XCBuildConfiguration;
			buildSettings = {
				ALWAYS_SEARCH_USER_PATHS = NO;
				CLANG_CXX_LANGUAGE_STANDARD = "gnu++0x";
				CLANG_CXX_LIBRARY = "libc++";
				CLANG_ENABLE_MODULES = YES;
				CLANG_ENABLE_OBJC_ARC = YES;
				CLANG_WARN_BOOL_CONVERSION = YES;
				CLANG_WARN_CONSTANT_CONVERSION = YES;
				CLANG_WARN_DIRECT_OBJC_ISA_USAGE = YES_ERROR;
				CLANG_WARN_EMPTY_BODY = YES;
				CLANG_WARN_ENUM_CONVERSION = YES;
				CLANG_WARN_INT_CONVERSION = YES;
				CLANG_WARN_OBJC_ROOT_CLASS = YES_ERROR;
				CLANG_WARN_UNREACHABLE_CODE = YES;
				CLANG_WARN__DUPLICATE_METHOD_MATCH = YES;
				"CODE_SIGN_IDENTITY[sdk=iphoneos*]" = "iPhone Developer";
				COPY_PHASE_STRIP = NO;
				DEBUG_INFORMATION_FORMAT = "dwarf-with-dsym";
				ENABLE_STRICT_OBJC_MSGSEND = YES;
				GCC_C_LANGUAGE_STANDARD = gnu99;
				GCC_DYNAMIC_NO_PIC = NO;
				GCC_NO_COMMON_BLOCKS = YES;
				GCC_OPTIMIZATION_LEVEL = 0;
				GCC_PREPROCESSOR_DEFINITIONS = (
					"DEBUG=1",
					"$(inherited)",
				);
				GCC_SYMBOLS_PRIVATE_EXTERN = NO;
				GCC_WARN_64_TO_32_BIT_CONVERSION = YES;
				GCC_WARN_ABOUT_RETURN_TYPE = YES_ERROR;
				GCC_WARN_UNDECLARED_SELECTOR = YES;
				GCC_WARN_UNINITIALIZED_AUTOS = YES_AGGRESSIVE;
				GCC_WARN_UNUSED_FUNCTION = YES;
				GCC_WARN_UNUSED_VARIABLE = YES;
				IPHONEOS_DEPLOYMENT_TARGET = 8.4;
				MTL_ENABLE_DEBUG_INFO = YES;
				ONLY_ACTIVE_ARCH = YES;
				SDKROOT = iphoneos;
			};
			name = Debug;
		};
		4E8C52691BA11C7400118205 /* Release */ = {
			isa = XCBuildConfiguration;
			buildSettings = {
				ALWAYS_SEARCH_USER_PATHS = NO;
				CLANG_CXX_LANGUAGE_STANDARD = "gnu++0x";
				CLANG_CXX_LIBRARY = "libc++";
				CLANG_ENABLE_MODULES = YES;
				CLANG_ENABLE_OBJC_ARC = YES;
				CLANG_WARN_BOOL_CONVERSION = YES;
				CLANG_WARN_CONSTANT_CONVERSION = YES;
				CLANG_WARN_DIRECT_OBJC_ISA_USAGE = YES_ERROR;
				CLANG_WARN_EMPTY_BODY = YES;
				CLANG_WARN_ENUM_CONVERSION = YES;
				CLANG_WARN_INT_CONVERSION = YES;
				CLANG_WARN_OBJC_ROOT_CLASS = YES_ERROR;
				CLANG_WARN_UNREACHABLE_CODE = YES;
				CLANG_WARN__DUPLICATE_METHOD_MATCH = YES;
				"CODE_SIGN_IDENTITY[sdk=iphoneos*]" = "iPhone Developer";
				COPY_PHASE_STRIP = NO;
				DEBUG_INFORMATION_FORMAT = "dwarf-with-dsym";
				ENABLE_NS_ASSERTIONS = NO;
				ENABLE_STRICT_OBJC_MSGSEND = YES;
				GCC_C_LANGUAGE_STANDARD = gnu99;
				GCC_NO_COMMON_BLOCKS = YES;
				GCC_WARN_64_TO_32_BIT_CONVERSION = YES;
				GCC_WARN_ABOUT_RETURN_TYPE = YES_ERROR;
				GCC_WARN_UNDECLARED_SELECTOR = YES;
				GCC_WARN_UNINITIALIZED_AUTOS = YES_AGGRESSIVE;
				GCC_WARN_UNUSED_FUNCTION = YES;
				GCC_WARN_UNUSED_VARIABLE = YES;
				IPHONEOS_DEPLOYMENT_TARGET = 8.4;
				MTL_ENABLE_DEBUG_INFO = NO;
				SDKROOT = iphoneos;
				VALIDATE_PRODUCT = YES;
			};
			name = Release;
		};
		4E8C526B1BA11C7400118205 /* Debug */ = {
			isa = XCBuildConfiguration;
			buildSettings = {
				ASSETCATALOG_COMPILER_APPICON_NAME = AppIcon;
				CODE_SIGN_IDENTITY = "iPhone Developer: Yunfeng Tu (M7Q85E9M35)";
				INFOPLIST_FILE = MyAnimation/Info.plist;
				IPHONEOS_DEPLOYMENT_TARGET = 8.0;
				LD_RUNPATH_SEARCH_PATHS = "$(inherited) @executable_path/Frameworks";
				PRODUCT_NAME = "$(TARGET_NAME)";
			};
			name = Debug;
		};
		4E8C526C1BA11C7400118205 /* Release */ = {
			isa = XCBuildConfiguration;
			buildSettings = {
				ASSETCATALOG_COMPILER_APPICON_NAME = AppIcon;
				INFOPLIST_FILE = MyAnimation/Info.plist;
				IPHONEOS_DEPLOYMENT_TARGET = 8.0;
				LD_RUNPATH_SEARCH_PATHS = "$(inherited) @executable_path/Frameworks";
				PRODUCT_NAME = "$(TARGET_NAME)";
			};
			name = Release;
		};
		4E8C526E1BA11C7400118205 /* Debug */ = {
			isa = XCBuildConfiguration;
			buildSettings = {
				BUNDLE_LOADER = "$(TEST_HOST)";
				FRAMEWORK_SEARCH_PATHS = (
					"$(SDKROOT)/Developer/Library/Frameworks",
					"$(inherited)",
				);
				GCC_PREPROCESSOR_DEFINITIONS = (
					"DEBUG=1",
					"$(inherited)",
				);
				INFOPLIST_FILE = MyAnimationTests/Info.plist;
				LD_RUNPATH_SEARCH_PATHS = "$(inherited) @executable_path/Frameworks @loader_path/Frameworks";
				PRODUCT_NAME = "$(TARGET_NAME)";
				TEST_HOST = "$(BUILT_PRODUCTS_DIR)/MyAnimation.app/MyAnimation";
			};
			name = Debug;
		};
		4E8C526F1BA11C7400118205 /* Release */ = {
			isa = XCBuildConfiguration;
			buildSettings = {
				BUNDLE_LOADER = "$(TEST_HOST)";
				FRAMEWORK_SEARCH_PATHS = (
					"$(SDKROOT)/Developer/Library/Frameworks",
					"$(inherited)",
				);
				INFOPLIST_FILE = MyAnimationTests/Info.plist;
				LD_RUNPATH_SEARCH_PATHS = "$(inherited) @executable_path/Frameworks @loader_path/Frameworks";
				PRODUCT_NAME = "$(TARGET_NAME)";
				TEST_HOST = "$(BUILT_PRODUCTS_DIR)/MyAnimation.app/MyAnimation";
			};
			name = Release;
		};
/* End XCBuildConfiguration section */

/* Begin XCConfigurationList section */
		4E8C52421BA11C7400118205 /* Build configuration list for PBXProject "MyAnimation" */ = {
			isa = XCConfigurationList;
			buildConfigurations = (
				4E8C52681BA11C7400118205 /* Debug */,
				4E8C52691BA11C7400118205 /* Release */,
			);
			defaultConfigurationIsVisible = 0;
			defaultConfigurationName = Release;
		};
		4E8C526A1BA11C7400118205 /* Build configuration list for PBXNativeTarget "MyAnimation" */ = {
			isa = XCConfigurationList;
			buildConfigurations = (
				4E8C526B1BA11C7400118205 /* Debug */,
				4E8C526C1BA11C7400118205 /* Release */,
			);
			defaultConfigurationIsVisible = 0;
			defaultConfigurationName = Release;
		};
		4E8C526D1BA11C7400118205 /* Build configuration list for PBXNativeTarget "MyAnimationTests" */ = {
			isa = XCConfigurationList;
			buildConfigurations = (
				4E8C526E1BA11C7400118205 /* Debug */,
				4E8C526F1BA11C7400118205 /* Release */,
			);
			defaultConfigurationIsVisible = 0;
			defaultConfigurationName = Release;
		};
/* End XCConfigurationList section */
	};
	rootObject = 4E8C523F1BA11C7400118205 /* Project object */;
}
